{
  "version": 4,
  "terraform_version": "1.7.3",
  "serial": 2179,
  "lineage": "faf30ecc-94f7-3852-5093-9eabf7e83cd1",
  "outputs": {},
  "resources": [
    {
      "mode": "managed",
      "type": "local_file",
      "name": "ansible_inventory",
      "provider": "provider[\"registry.terraform.io/hashicorp/local\"]",
      "instances": [
        {
          "schema_version": 0,
          "attributes": {
            "content": "[bastion]\nbastion.ru-central1.internal ansible_host=51.250.15.143\n\n[web_servers]\nweb1.ru-central1.internal ansible_host=192.168.20.21\nweb2.ru-central1.internal ansible_host=192.168.30.16\n\n[zabbix_server]\nzabbix.ru-central1.internal ansible_host=158.160.40.21\n\nzabbix.ru-central1.internal ansible_python_interpreter=/usr/bin/python3\n\n[elastic_server]\nelasticsearch.ru-central1.internal ansible_host=192.168.20.32\n\n[kibana_server]\nkibana.ru-central1.internal ansible_host=158.160.55.199\n\n# Только для внутренних хостов используем bastion\n[internal:children]\nweb_servers\nelastic_server\n\n[internal:vars]\nansible_ssh_common_args='-o StrictHostKeyChecking=no -o UserKnownHostsFile=/dev/null -o ProxyCommand=\"ssh -W %h:%p -q debian@51.250.15.143\"'\n\n# Для публичных хостов прямое подключение  \n[public:children]\nbastion\nzabbix_server\nkibana_server\n\n[public:vars]\nansible_ssh_common_args='-o StrictHostKeyChecking=no -o UserKnownHostsFile=/dev/null'\n\n[all:vars]\nansible_user=debian\nansible_ssh_private_key_file=/home/ras/.ssh/id_ed25519\nansible_python_interpreter=/usr/bin/python3",
            "content_base64": null,
            "content_base64sha256": "ces9S6xroewp7L2Vq3Hr4ptjanNaMSrLQbnI/kLgYx0=",
            "content_base64sha512": "e4u/EPsv7N+aOr5+Puujz17sj9TXdsGUTRaNUhNsKfVFeueX9PEuiHMbbh3qOMWBYJox8pEvkgp88nFxG94OUw==",
            "content_md5": "26887c48ea7f387860a743a627001ca0",
            "content_sha1": "25b02e080578efaf8da4806112ef5006c02e2983",
            "content_sha256": "71eb3d4bac6ba1ec29ecbd95ab71ebe29b636a735a312acb41b9c8fe42e0631d",
            "content_sha512": "7b8bbf10fb2fecdf9a3abe7e3eeba3cf5eec8fd4d776c1944d168d52136c29f5457ae797f4f12e88731b6e1dea38c581609a31f2912f920a7cf271711bde0e53",
            "directory_permission": "0777",
            "file_permission": "0777",
            "filename": "../ansible/inventory.ini",
            "id": "25b02e080578efaf8da4806112ef5006c02e2983",
            "sensitive_content": null,
            "source": null
          },
          "sensitive_attributes": [],
          "dependencies": [
            "yandex_compute_instance.bastion",
            "yandex_compute_instance.elasticsearch",
            "yandex_compute_instance.kibana",
            "yandex_compute_instance.web1",
            "yandex_compute_instance.web2",
            "yandex_compute_instance.zabbix",
            "yandex_vpc_gateway.nat_gateway",
            "yandex_vpc_network.main",
            "yandex_vpc_route_table.nat",
            "yandex_vpc_security_group.bastion_sg",
            "yandex_vpc_security_group.elasticsearch_sg",
            "yandex_vpc_security_group.kibana_sg",
            "yandex_vpc_security_group.web_sg",
            "yandex_vpc_security_group.zabbix_sg",
            "yandex_vpc_subnet.private_a",
            "yandex_vpc_subnet.private_b",
            "yandex_vpc_subnet.public"
          ]
        }
      ]
    },
    {
      "mode": "managed",
      "type": "yandex_alb_backend_group",
      "name": "web",
      "provider": "provider[\"registry.terraform.io/yandex-cloud/yandex\"]",
      "instances": [
        {
          "schema_version": 0,
          "attributes": {
            "created_at": "2025-09-14T08:44:22Z",
            "description": "",
            "folder_id": "b1g5dm0qbb0e6lmlkf2g",
            "grpc_backend": [],
            "http_backend": [
              {
                "healthcheck": [
                  {
                    "grpc_healthcheck": [],
                    "healthcheck_port": 0,
                    "healthy_threshold": 5,
                    "http_healthcheck": [
                      {
                        "host": "",
                        "http2": false,
                        "path": "/"
                      }
                    ],
                    "interval": "2s",
                    "interval_jitter_percent": 0,
                    "stream_healthcheck": [],
                    "timeout": "10s",
                    "unhealthy_threshold": 3
                  }
                ],
                "http2": false,
                "load_balancing_config": [],
                "name": "web-http-backend",
                "port": 80,
                "storage_bucket": "",
                "target_group_ids": [
                  "ds77urilv6ml44mm5908"
                ],
                "tls": [],
                "weight": 1
              }
            ],
            "id": "ds7tbpfp609ebckfk52b",
            "labels": null,
            "name": "web-backend-group",
            "session_affinity": [],
            "stream_backend": [],
            "timeouts": null
          },
          "sensitive_attributes": [],
          "private": "eyJlMmJmYjczMC1lY2FhLTExZTYtOGY4OC0zNDM2M2JjN2M0YzAiOnsiY3JlYXRlIjozMDAwMDAwMDAwMDAsImRlbGV0ZSI6MzAwMDAwMDAwMDAwLCJ1cGRhdGUiOjMwMDAwMDAwMDAwMH19",
          "dependencies": [
            "yandex_alb_target_group.web",
            "yandex_compute_instance.web1",
            "yandex_compute_instance.web2",
            "yandex_vpc_gateway.nat_gateway",
            "yandex_vpc_network.main",
            "yandex_vpc_route_table.nat",
            "yandex_vpc_security_group.bastion_sg",
            "yandex_vpc_security_group.web_sg",
            "yandex_vpc_security_group.zabbix_sg",
            "yandex_vpc_subnet.private_a",
            "yandex_vpc_subnet.private_b"
          ]
        }
      ]
    },
    {
      "mode": "managed",
      "type": "yandex_alb_http_router",
      "name": "web",
      "provider": "provider[\"registry.terraform.io/yandex-cloud/yandex\"]",
      "instances": [
        {
          "schema_version": 0,
          "attributes": {
            "created_at": "2025-09-14T08:43:15Z",
            "description": "",
            "folder_id": "b1g5dm0qbb0e6lmlkf2g",
            "id": "ds7g1p8kduuct3n73sqe",
            "labels": null,
            "name": "web-http-router",
            "route_options": [],
            "timeouts": null
          },
          "sensitive_attributes": [],
          "private": "eyJlMmJmYjczMC1lY2FhLTExZTYtOGY4OC0zNDM2M2JjN2M0YzAiOnsiY3JlYXRlIjozMDAwMDAwMDAwMDAsImRlbGV0ZSI6MzAwMDAwMDAwMDAwLCJ1cGRhdGUiOjMwMDAwMDAwMDAwMH19"
        }
      ]
    },
    {
      "mode": "managed",
      "type": "yandex_alb_load_balancer",
      "name": "web",
      "provider": "provider[\"registry.terraform.io/yandex-cloud/yandex\"]",
      "instances": [
        {
          "schema_version": 0,
          "attributes": {
            "allocation_policy": [
              {
                "location": [
                  {
                    "disable_traffic": false,
                    "subnet_id": "e9bem2bl7bgu7kdqloed",
                    "zone_id": "ru-central1-a"
                  }
                ]
              }
            ],
            "created_at": "2025-09-14T08:43:18Z",
            "description": "",
            "folder_id": "b1g5dm0qbb0e6lmlkf2g",
            "id": "ds7r72h0h64s7tnqtag5",
            "labels": null,
            "listener": [
              {
                "endpoint": [
                  {
                    "address": [
                      {
                        "external_ipv4_address": [
                          {
                            "address": "158.160.190.61"
                          }
                        ],
                        "external_ipv6_address": [],
                        "internal_ipv4_address": []
                      }
                    ],
                    "ports": [
                      80
                    ]
                  }
                ],
                "http": [
                  {
                    "handler": [
                      {
                        "allow_http10": false,
                        "http2_options": [],
                        "http_router_id": "ds7g1p8kduuct3n73sqe",
                        "rewrite_request_id": false
                      }
                    ],
                    "redirects": []
                  }
                ],
                "name": "web-listener",
                "stream": [],
                "tls": []
              }
            ],
            "log_group_id": "",
            "log_options": [],
            "name": "web-load-balancer",
            "network_id": "enp563kn048ois3j04ar",
            "region_id": "",
            "security_group_ids": null,
            "status": "active",
            "timeouts": null
          },
          "sensitive_attributes": [],
          "private": "eyJlMmJmYjczMC1lY2FhLTExZTYtOGY4OC0zNDM2M2JjN2M0YzAiOnsiY3JlYXRlIjo2MDAwMDAwMDAwMDAsImRlbGV0ZSI6NjAwMDAwMDAwMDAwLCJ1cGRhdGUiOjYwMDAwMDAwMDAwMH19",
          "dependencies": [
            "yandex_alb_http_router.web",
            "yandex_vpc_network.main",
            "yandex_vpc_subnet.public"
          ]
        }
      ]
    },
    {
      "mode": "managed",
      "type": "yandex_alb_target_group",
      "name": "web",
      "provider": "provider[\"registry.terraform.io/yandex-cloud/yandex\"]",
      "instances": [
        {
          "schema_version": 0,
          "attributes": {
            "created_at": "2025-09-14T08:44:22Z",
            "description": "",
            "folder_id": "b1g5dm0qbb0e6lmlkf2g",
            "id": "ds77urilv6ml44mm5908",
            "labels": null,
            "name": "web-target-group",
            "target": [
              {
                "ip_address": "192.168.20.21",
                "private_ipv4_address": false,
                "subnet_id": "e9bj6iuc8prcepet4io8"
              },
              {
                "ip_address": "192.168.30.16",
                "private_ipv4_address": false,
                "subnet_id": "e2lplgpjsdovtnmmqnoj"
              }
            ],
            "timeouts": null
          },
          "sensitive_attributes": [],
          "private": "eyJlMmJmYjczMC1lY2FhLTExZTYtOGY4OC0zNDM2M2JjN2M0YzAiOnsiY3JlYXRlIjozMDAwMDAwMDAwMDAsImRlbGV0ZSI6MzAwMDAwMDAwMDAwLCJ1cGRhdGUiOjMwMDAwMDAwMDAwMH19",
          "dependencies": [
            "yandex_compute_instance.web1",
            "yandex_compute_instance.web2",
            "yandex_vpc_gateway.nat_gateway",
            "yandex_vpc_network.main",
            "yandex_vpc_route_table.nat",
            "yandex_vpc_security_group.bastion_sg",
            "yandex_vpc_security_group.web_sg",
            "yandex_vpc_security_group.zabbix_sg",
            "yandex_vpc_subnet.private_a",
            "yandex_vpc_subnet.private_b"
          ]
        }
      ]
    },
    {
      "mode": "managed",
      "type": "yandex_alb_virtual_host",
      "name": "web",
      "provider": "provider[\"registry.terraform.io/yandex-cloud/yandex\"]",
      "instances": [
        {
          "schema_version": 0,
          "attributes": {
            "authority": null,
            "http_router_id": "ds7g1p8kduuct3n73sqe",
            "id": "ds7g1p8kduuct3n73sqe/web-virtual-host",
            "modify_request_headers": [],
            "modify_response_headers": [],
            "name": "web-virtual-host",
            "route": [
              {
                "grpc_route": [],
                "http_route": [
                  {
                    "direct_response_action": [],
                    "http_match": [],
                    "http_route_action": [
                      {
                        "auto_host_rewrite": false,
                        "backend_group_id": "ds7tbpfp609ebckfk52b",
                        "host_rewrite": "",
                        "idle_timeout": "",
                        "prefix_rewrite": "",
                        "timeout": "1m0s",
                        "upgrade_types": null
                      }
                    ],
                    "redirect_action": []
                  }
                ],
                "name": "web-route",
                "route_options": []
              }
            ],
            "route_options": [],
            "timeouts": null
          },
          "sensitive_attributes": [],
          "private": "eyJlMmJmYjczMC1lY2FhLTExZTYtOGY4OC0zNDM2M2JjN2M0YzAiOnsiY3JlYXRlIjozMDAwMDAwMDAwMDAsImRlbGV0ZSI6MzAwMDAwMDAwMDAwLCJ1cGRhdGUiOjMwMDAwMDAwMDAwMH19",
          "dependencies": [
            "yandex_alb_backend_group.web",
            "yandex_alb_http_router.web",
            "yandex_alb_target_group.web",
            "yandex_compute_instance.web1",
            "yandex_compute_instance.web2",
            "yandex_vpc_gateway.nat_gateway",
            "yandex_vpc_network.main",
            "yandex_vpc_route_table.nat",
            "yandex_vpc_security_group.bastion_sg",
            "yandex_vpc_security_group.web_sg",
            "yandex_vpc_security_group.zabbix_sg",
            "yandex_vpc_subnet.private_a",
            "yandex_vpc_subnet.private_b"
          ]
        }
      ]
    },
    {
      "mode": "managed",
      "type": "yandex_compute_instance",
      "name": "bastion",
      "provider": "provider[\"registry.terraform.io/yandex-cloud/yandex\"]",
      "instances": [
        {
          "schema_version": 1,
          "attributes": {
            "allow_recreate": null,
            "allow_stopping_for_update": null,
            "boot_disk": [
              {
                "auto_delete": true,
                "device_name": "fhmcvdhucp3qdbslscsi",
                "disk_id": "fhmcvdhucp3qdbslscsi",
                "initialize_params": [
                  {
                    "block_size": 4096,
                    "description": "",
                    "image_id": "fd82i5dfjmt29385or2j",
                    "name": "",
                    "size": 10,
                    "snapshot_id": "",
                    "type": "network-hdd"
                  }
                ],
                "mode": "READ_WRITE"
              }
            ],
            "created_at": "2025-09-14T08:43:23Z",
            "description": "",
            "filesystem": [],
            "folder_id": "b1g5dm0qbb0e6lmlkf2g",
            "fqdn": "bastion.ru-central1.internal",
            "gpu_cluster_id": "",
            "hostname": "bastion",
            "id": "fhm74mrs8d32q6jq863k",
            "labels": null,
            "local_disk": [],
            "metadata": {
              "ssh-keys": "debian:ssh-ed25519 AAAAC3NzaC1lZDI1NTE5AAAAIJTEsYZCQIuiGS64WzDfSkF5HjBtNdjOBdRHZAtvUwbj rasvarman@gmail.com"
            },
            "metadata_options": [
              {
                "aws_v1_http_endpoint": 1,
                "aws_v1_http_token": 2,
                "gce_http_endpoint": 1,
                "gce_http_token": 1
              }
            ],
            "name": "bastion",
            "network_acceleration_type": "standard",
            "network_interface": [
              {
                "dns_record": [],
                "index": 0,
                "ip_address": "192.168.10.19",
                "ipv4": true,
                "ipv6": false,
                "ipv6_address": "",
                "ipv6_dns_record": [],
                "mac_address": "d0:0d:72:5b:7c:43",
                "nat": true,
                "nat_dns_record": [],
                "nat_ip_address": "51.250.15.143",
                "nat_ip_version": "IPV4",
                "security_group_ids": [
                  "enph8tb684ca54rmflpj"
                ],
                "subnet_id": "e9bem2bl7bgu7kdqloed"
              }
            ],
            "placement_policy": [
              {
                "host_affinity_rules": [],
                "placement_group_id": ""
              }
            ],
            "platform_id": "standard-v3",
            "resources": [
              {
                "core_fraction": 20,
                "cores": 2,
                "gpus": 0,
                "memory": 2
              }
            ],
            "scheduling_policy": [
              {
                "preemptible": true
              }
            ],
            "secondary_disk": [],
            "service_account_id": "",
            "status": "running",
            "timeouts": null,
            "zone": "ru-central1-a"
          },
          "sensitive_attributes": [
            [
              {
                "type": "get_attr",
                "value": "metadata"
              },
              {
                "type": "index",
                "value": {
                  "value": "ssh-keys",
                  "type": "string"
                }
              }
            ]
          ],
          "private": "eyJlMmJmYjczMC1lY2FhLTExZTYtOGY4OC0zNDM2M2JjN2M0YzAiOnsiY3JlYXRlIjozMDAwMDAwMDAwMDAsImRlbGV0ZSI6MzAwMDAwMDAwMDAwLCJ1cGRhdGUiOjMwMDAwMDAwMDAwMH0sInNjaGVtYV92ZXJzaW9uIjoiMSJ9",
          "dependencies": [
            "yandex_vpc_network.main",
            "yandex_vpc_security_group.bastion_sg",
            "yandex_vpc_subnet.public"
          ]
        }
      ]
    },
    {
      "mode": "managed",
      "type": "yandex_compute_instance",
      "name": "elasticsearch",
      "provider": "provider[\"registry.terraform.io/yandex-cloud/yandex\"]",
      "instances": [
        {
          "schema_version": 1,
          "attributes": {
            "allow_recreate": null,
            "allow_stopping_for_update": null,
            "boot_disk": [
              {
                "auto_delete": true,
                "device_name": "fhmvsg2urlachbj3l97o",
                "disk_id": "fhmvsg2urlachbj3l97o",
                "initialize_params": [
                  {
                    "block_size": 4096,
                    "description": "",
                    "image_id": "fd82i5dfjmt29385or2j",
                    "name": "",
                    "size": 10,
                    "snapshot_id": "",
                    "type": "network-hdd"
                  }
                ],
                "mode": "READ_WRITE"
              }
            ],
            "created_at": "2025-09-14T08:43:30Z",
            "description": "",
            "filesystem": [],
            "folder_id": "b1g5dm0qbb0e6lmlkf2g",
            "fqdn": "elasticsearch.ru-central1.internal",
            "gpu_cluster_id": "",
            "hostname": "elasticsearch",
            "id": "fhmn0i5qle19541ngur3",
            "labels": null,
            "local_disk": [],
            "metadata": {
              "ssh-keys": "debian:ssh-ed25519 AAAAC3NzaC1lZDI1NTE5AAAAIJTEsYZCQIuiGS64WzDfSkF5HjBtNdjOBdRHZAtvUwbj rasvarman@gmail.com"
            },
            "metadata_options": [
              {
                "aws_v1_http_endpoint": 1,
                "aws_v1_http_token": 2,
                "gce_http_endpoint": 1,
                "gce_http_token": 1
              }
            ],
            "name": "elasticsearch",
            "network_acceleration_type": "standard",
            "network_interface": [
              {
                "dns_record": [],
                "index": 0,
                "ip_address": "192.168.20.32",
                "ipv4": true,
                "ipv6": false,
                "ipv6_address": "",
                "ipv6_dns_record": [],
                "mac_address": "d0:0d:17:04:8b:aa",
                "nat": false,
                "nat_dns_record": [],
                "nat_ip_address": "",
                "nat_ip_version": "",
                "security_group_ids": [
                  "enpa99fmhm92ptpidh6g"
                ],
                "subnet_id": "e9bj6iuc8prcepet4io8"
              }
            ],
            "placement_policy": [
              {
                "host_affinity_rules": [],
                "placement_group_id": ""
              }
            ],
            "platform_id": "standard-v3",
            "resources": [
              {
                "core_fraction": 20,
                "cores": 2,
                "gpus": 0,
                "memory": 4
              }
            ],
            "scheduling_policy": [
              {
                "preemptible": true
              }
            ],
            "secondary_disk": [],
            "service_account_id": "",
            "status": "running",
            "timeouts": null,
            "zone": "ru-central1-a"
          },
          "sensitive_attributes": [
            [
              {
                "type": "get_attr",
                "value": "metadata"
              },
              {
                "type": "index",
                "value": {
                  "value": "ssh-keys",
                  "type": "string"
                }
              }
            ]
          ],
          "private": "eyJlMmJmYjczMC1lY2FhLTExZTYtOGY4OC0zNDM2M2JjN2M0YzAiOnsiY3JlYXRlIjozMDAwMDAwMDAwMDAsImRlbGV0ZSI6MzAwMDAwMDAwMDAwLCJ1cGRhdGUiOjMwMDAwMDAwMDAwMH0sInNjaGVtYV92ZXJzaW9uIjoiMSJ9",
          "dependencies": [
            "yandex_vpc_gateway.nat_gateway",
            "yandex_vpc_network.main",
            "yandex_vpc_route_table.nat",
            "yandex_vpc_security_group.bastion_sg",
            "yandex_vpc_security_group.elasticsearch_sg",
            "yandex_vpc_security_group.kibana_sg",
            "yandex_vpc_security_group.zabbix_sg",
            "yandex_vpc_subnet.private_a"
          ]
        }
      ]
    },
    {
      "mode": "managed",
      "type": "yandex_compute_instance",
      "name": "kibana",
      "provider": "provider[\"registry.terraform.io/yandex-cloud/yandex\"]",
      "instances": [
        {
          "schema_version": 1,
          "attributes": {
            "allow_recreate": null,
            "allow_stopping_for_update": null,
            "boot_disk": [
              {
                "auto_delete": true,
                "device_name": "fhmokcg3bhoou60eqnp8",
                "disk_id": "fhmokcg3bhoou60eqnp8",
                "initialize_params": [
                  {
                    "block_size": 4096,
                    "description": "",
                    "image_id": "fd82i5dfjmt29385or2j",
                    "name": "",
                    "size": 10,
                    "snapshot_id": "",
                    "type": "network-hdd"
                  }
                ],
                "mode": "READ_WRITE"
              }
            ],
            "created_at": "2025-09-14T08:43:28Z",
            "description": "",
            "filesystem": [],
            "folder_id": "b1g5dm0qbb0e6lmlkf2g",
            "fqdn": "kibana.ru-central1.internal",
            "gpu_cluster_id": "",
            "hostname": "kibana",
            "id": "fhm6ldqhqo8uhajg85v4",
            "labels": null,
            "local_disk": [],
            "metadata": {
              "ssh-keys": "debian:ssh-ed25519 AAAAC3NzaC1lZDI1NTE5AAAAIJTEsYZCQIuiGS64WzDfSkF5HjBtNdjOBdRHZAtvUwbj rasvarman@gmail.com"
            },
            "metadata_options": [
              {
                "aws_v1_http_endpoint": 1,
                "aws_v1_http_token": 2,
                "gce_http_endpoint": 1,
                "gce_http_token": 1
              }
            ],
            "name": "kibana",
            "network_acceleration_type": "standard",
            "network_interface": [
              {
                "dns_record": [],
                "index": 0,
                "ip_address": "192.168.10.23",
                "ipv4": true,
                "ipv6": false,
                "ipv6_address": "",
                "ipv6_dns_record": [],
                "mac_address": "d0:0d:6a:b7:51:d6",
                "nat": true,
                "nat_dns_record": [],
                "nat_ip_address": "158.160.55.199",
                "nat_ip_version": "IPV4",
                "security_group_ids": [
                  "enpt232k2bbuiachjjla"
                ],
                "subnet_id": "e9bem2bl7bgu7kdqloed"
              }
            ],
            "placement_policy": [
              {
                "host_affinity_rules": [],
                "placement_group_id": ""
              }
            ],
            "platform_id": "standard-v3",
            "resources": [
              {
                "core_fraction": 20,
                "cores": 2,
                "gpus": 0,
                "memory": 4
              }
            ],
            "scheduling_policy": [
              {
                "preemptible": true
              }
            ],
            "secondary_disk": [],
            "service_account_id": "",
            "status": "running",
            "timeouts": null,
            "zone": "ru-central1-a"
          },
          "sensitive_attributes": [
            [
              {
                "type": "get_attr",
                "value": "metadata"
              },
              {
                "type": "index",
                "value": {
                  "value": "ssh-keys",
                  "type": "string"
                }
              }
            ]
          ],
          "private": "eyJlMmJmYjczMC1lY2FhLTExZTYtOGY4OC0zNDM2M2JjN2M0YzAiOnsiY3JlYXRlIjozMDAwMDAwMDAwMDAsImRlbGV0ZSI6MzAwMDAwMDAwMDAwLCJ1cGRhdGUiOjMwMDAwMDAwMDAwMH0sInNjaGVtYV92ZXJzaW9uIjoiMSJ9",
          "dependencies": [
            "yandex_vpc_network.main",
            "yandex_vpc_security_group.bastion_sg",
            "yandex_vpc_security_group.kibana_sg",
            "yandex_vpc_security_group.zabbix_sg",
            "yandex_vpc_subnet.public"
          ]
        }
      ]
    },
    {
      "mode": "managed",
      "type": "yandex_compute_instance",
      "name": "web1",
      "provider": "provider[\"registry.terraform.io/yandex-cloud/yandex\"]",
      "instances": [
        {
          "schema_version": 1,
          "attributes": {
            "allow_recreate": null,
            "allow_stopping_for_update": null,
            "boot_disk": [
              {
                "auto_delete": true,
                "device_name": "fhmtlv332tr7hvlttork",
                "disk_id": "fhmtlv332tr7hvlttork",
                "initialize_params": [
                  {
                    "block_size": 4096,
                    "description": "",
                    "image_id": "fd82i5dfjmt29385or2j",
                    "name": "",
                    "size": 10,
                    "snapshot_id": "",
                    "type": "network-hdd"
                  }
                ],
                "mode": "READ_WRITE"
              }
            ],
            "created_at": "2025-09-14T08:43:40Z",
            "description": "",
            "filesystem": [],
            "folder_id": "b1g5dm0qbb0e6lmlkf2g",
            "fqdn": "web1.ru-central1.internal",
            "gpu_cluster_id": "",
            "hostname": "web1",
            "id": "fhmbcju80l9r75lct07n",
            "labels": null,
            "local_disk": [],
            "metadata": {
              "ssh-keys": "debian:ssh-ed25519 AAAAC3NzaC1lZDI1NTE5AAAAIJTEsYZCQIuiGS64WzDfSkF5HjBtNdjOBdRHZAtvUwbj rasvarman@gmail.com"
            },
            "metadata_options": [
              {
                "aws_v1_http_endpoint": 1,
                "aws_v1_http_token": 2,
                "gce_http_endpoint": 1,
                "gce_http_token": 1
              }
            ],
            "name": "web1",
            "network_acceleration_type": "standard",
            "network_interface": [
              {
                "dns_record": [],
                "index": 0,
                "ip_address": "192.168.20.21",
                "ipv4": true,
                "ipv6": false,
                "ipv6_address": "",
                "ipv6_dns_record": [],
                "mac_address": "d0:0d:b6:4f:c8:05",
                "nat": false,
                "nat_dns_record": [],
                "nat_ip_address": "",
                "nat_ip_version": "",
                "security_group_ids": [
                  "enp440ojhl2olj7pr7m1"
                ],
                "subnet_id": "e9bj6iuc8prcepet4io8"
              }
            ],
            "placement_policy": [
              {
                "host_affinity_rules": [],
                "placement_group_id": ""
              }
            ],
            "platform_id": "standard-v3",
            "resources": [
              {
                "core_fraction": 20,
                "cores": 2,
                "gpus": 0,
                "memory": 2
              }
            ],
            "scheduling_policy": [
              {
                "preemptible": true
              }
            ],
            "secondary_disk": [],
            "service_account_id": "",
            "status": "running",
            "timeouts": null,
            "zone": "ru-central1-a"
          },
          "sensitive_attributes": [
            [
              {
                "type": "get_attr",
                "value": "metadata"
              },
              {
                "type": "index",
                "value": {
                  "value": "ssh-keys",
                  "type": "string"
                }
              }
            ]
          ],
          "private": "eyJlMmJmYjczMC1lY2FhLTExZTYtOGY4OC0zNDM2M2JjN2M0YzAiOnsiY3JlYXRlIjozMDAwMDAwMDAwMDAsImRlbGV0ZSI6MzAwMDAwMDAwMDAwLCJ1cGRhdGUiOjMwMDAwMDAwMDAwMH0sInNjaGVtYV92ZXJzaW9uIjoiMSJ9",
          "dependencies": [
            "yandex_vpc_gateway.nat_gateway",
            "yandex_vpc_network.main",
            "yandex_vpc_route_table.nat",
            "yandex_vpc_security_group.bastion_sg",
            "yandex_vpc_security_group.web_sg",
            "yandex_vpc_security_group.zabbix_sg",
            "yandex_vpc_subnet.private_a"
          ]
        }
      ]
    },
    {
      "mode": "managed",
      "type": "yandex_compute_instance",
      "name": "web2",
      "provider": "provider[\"registry.terraform.io/yandex-cloud/yandex\"]",
      "instances": [
        {
          "schema_version": 1,
          "attributes": {
            "allow_recreate": null,
            "allow_stopping_for_update": null,
            "boot_disk": [
              {
                "auto_delete": true,
                "device_name": "epdcm52bnc5qs5tti5vv",
                "disk_id": "epdcm52bnc5qs5tti5vv",
                "initialize_params": [
                  {
                    "block_size": 4096,
                    "description": "",
                    "image_id": "fd82i5dfjmt29385or2j",
                    "name": "",
                    "size": 10,
                    "snapshot_id": "",
                    "type": "network-hdd"
                  }
                ],
                "mode": "READ_WRITE"
              }
            ],
            "created_at": "2025-09-14T08:43:41Z",
            "description": "",
            "filesystem": [],
            "folder_id": "b1g5dm0qbb0e6lmlkf2g",
            "fqdn": "web2.ru-central1.internal",
            "gpu_cluster_id": "",
            "hostname": "web2",
            "id": "epd6oqvh530td1tiqhpr",
            "labels": null,
            "local_disk": [],
            "metadata": {
              "ssh-keys": "debian:ssh-ed25519 AAAAC3NzaC1lZDI1NTE5AAAAIJTEsYZCQIuiGS64WzDfSkF5HjBtNdjOBdRHZAtvUwbj rasvarman@gmail.com"
            },
            "metadata_options": [
              {
                "aws_v1_http_endpoint": 1,
                "aws_v1_http_token": 2,
                "gce_http_endpoint": 1,
                "gce_http_token": 1
              }
            ],
            "name": "web2",
            "network_acceleration_type": "standard",
            "network_interface": [
              {
                "dns_record": [],
                "index": 0,
                "ip_address": "192.168.30.16",
                "ipv4": true,
                "ipv6": false,
                "ipv6_address": "",
                "ipv6_dns_record": [],
                "mac_address": "d0:0d:6c:6b:f1:28",
                "nat": false,
                "nat_dns_record": [],
                "nat_ip_address": "",
                "nat_ip_version": "",
                "security_group_ids": [
                  "enp440ojhl2olj7pr7m1"
                ],
                "subnet_id": "e2lplgpjsdovtnmmqnoj"
              }
            ],
            "placement_policy": [
              {
                "host_affinity_rules": [],
                "placement_group_id": ""
              }
            ],
            "platform_id": "standard-v3",
            "resources": [
              {
                "core_fraction": 20,
                "cores": 2,
                "gpus": 0,
                "memory": 2
              }
            ],
            "scheduling_policy": [
              {
                "preemptible": true
              }
            ],
            "secondary_disk": [],
            "service_account_id": "",
            "status": "running",
            "timeouts": null,
            "zone": "ru-central1-b"
          },
          "sensitive_attributes": [
            [
              {
                "type": "get_attr",
                "value": "metadata"
              },
              {
                "type": "index",
                "value": {
                  "value": "ssh-keys",
                  "type": "string"
                }
              }
            ]
          ],
          "private": "eyJlMmJmYjczMC1lY2FhLTExZTYtOGY4OC0zNDM2M2JjN2M0YzAiOnsiY3JlYXRlIjozMDAwMDAwMDAwMDAsImRlbGV0ZSI6MzAwMDAwMDAwMDAwLCJ1cGRhdGUiOjMwMDAwMDAwMDAwMH0sInNjaGVtYV92ZXJzaW9uIjoiMSJ9",
          "dependencies": [
            "yandex_vpc_gateway.nat_gateway",
            "yandex_vpc_network.main",
            "yandex_vpc_route_table.nat",
            "yandex_vpc_security_group.bastion_sg",
            "yandex_vpc_security_group.web_sg",
            "yandex_vpc_security_group.zabbix_sg",
            "yandex_vpc_subnet.private_b"
          ]
        }
      ]
    },
    {
      "mode": "managed",
      "type": "yandex_compute_instance",
      "name": "zabbix",
      "provider": "provider[\"registry.terraform.io/yandex-cloud/yandex\"]",
      "instances": [
        {
          "schema_version": 1,
          "attributes": {
            "allow_recreate": null,
            "allow_stopping_for_update": null,
            "boot_disk": [
              {
                "auto_delete": true,
                "device_name": "fhmnkk43uaoinoik7r9k",
                "disk_id": "fhmnkk43uaoinoik7r9k",
                "initialize_params": [
                  {
                    "block_size": 4096,
                    "description": "",
                    "image_id": "fd82i5dfjmt29385or2j",
                    "name": "",
                    "size": 10,
                    "snapshot_id": "",
                    "type": "network-hdd"
                  }
                ],
                "mode": "READ_WRITE"
              }
            ],
            "created_at": "2025-09-14T08:43:25Z",
            "description": "",
            "filesystem": [],
            "folder_id": "b1g5dm0qbb0e6lmlkf2g",
            "fqdn": "zabbix.ru-central1.internal",
            "gpu_cluster_id": "",
            "hostname": "zabbix",
            "id": "fhmi2jk43kmep07pkgnf",
            "labels": null,
            "local_disk": [],
            "metadata": {
              "ssh-keys": "debian:ssh-ed25519 AAAAC3NzaC1lZDI1NTE5AAAAIJTEsYZCQIuiGS64WzDfSkF5HjBtNdjOBdRHZAtvUwbj rasvarman@gmail.com"
            },
            "metadata_options": [
              {
                "aws_v1_http_endpoint": 1,
                "aws_v1_http_token": 2,
                "gce_http_endpoint": 1,
                "gce_http_token": 1
              }
            ],
            "name": "zabbix",
            "network_acceleration_type": "standard",
            "network_interface": [
              {
                "dns_record": [],
                "index": 0,
                "ip_address": "192.168.10.33",
                "ipv4": true,
                "ipv6": false,
                "ipv6_address": "",
                "ipv6_dns_record": [],
                "mac_address": "d0:0d:12:14:e8:41",
                "nat": true,
                "nat_dns_record": [],
                "nat_ip_address": "158.160.40.21",
                "nat_ip_version": "IPV4",
                "security_group_ids": [
                  "enp5ud99lv9phuqta8b7"
                ],
                "subnet_id": "e9bem2bl7bgu7kdqloed"
              }
            ],
            "placement_policy": [
              {
                "host_affinity_rules": [],
                "placement_group_id": ""
              }
            ],
            "platform_id": "standard-v3",
            "resources": [
              {
                "core_fraction": 20,
                "cores": 2,
                "gpus": 0,
                "memory": 4
              }
            ],
            "scheduling_policy": [
              {
                "preemptible": true
              }
            ],
            "secondary_disk": [],
            "service_account_id": "",
            "status": "running",
            "timeouts": null,
            "zone": "ru-central1-a"
          },
          "sensitive_attributes": [
            [
              {
                "type": "get_attr",
                "value": "metadata"
              },
              {
                "type": "index",
                "value": {
                  "value": "ssh-keys",
                  "type": "string"
                }
              }
            ]
          ],
          "private": "eyJlMmJmYjczMC1lY2FhLTExZTYtOGY4OC0zNDM2M2JjN2M0YzAiOnsiY3JlYXRlIjozMDAwMDAwMDAwMDAsImRlbGV0ZSI6MzAwMDAwMDAwMDAwLCJ1cGRhdGUiOjMwMDAwMDAwMDAwMH0sInNjaGVtYV92ZXJzaW9uIjoiMSJ9",
          "dependencies": [
            "yandex_vpc_network.main",
            "yandex_vpc_security_group.bastion_sg",
            "yandex_vpc_security_group.zabbix_sg",
            "yandex_vpc_subnet.public"
          ]
        }
      ]
    },
    {
      "mode": "managed",
      "type": "yandex_compute_snapshot_schedule",
      "name": "daily_backup",
      "provider": "provider[\"registry.terraform.io/yandex-cloud/yandex\"]",
      "instances": [
        {
          "schema_version": 0,
          "attributes": {
            "created_at": "2025-09-14T08:44:24Z",
            "description": "",
            "disk_ids": [
              "epdcm52bnc5qs5tti5vv",
              "fhmcvdhucp3qdbslscsi",
              "fhmnkk43uaoinoik7r9k",
              "fhmokcg3bhoou60eqnp8",
              "fhmtlv332tr7hvlttork",
              "fhmvsg2urlachbj3l97o"
            ],
            "folder_id": "b1g5dm0qbb0e6lmlkf2g",
            "id": "fd853vrbu8fl8vvkiglj",
            "labels": null,
            "name": "daily-snapshots-dip",
            "retention_period": "",
            "schedule_policy": [
              {
                "expression": "0 2 * * *",
                "start_at": "1970-01-01T00:00:00Z"
              }
            ],
            "snapshot_count": 7,
            "snapshot_spec": [
              {
                "description": "",
                "labels": {}
              }
            ],
            "status": "active",
            "timeouts": null
          },
          "sensitive_attributes": [],
          "private": "eyJlMmJmYjczMC1lY2FhLTExZTYtOGY4OC0zNDM2M2JjN2M0YzAiOnsiY3JlYXRlIjozMDAwMDAwMDAwMDAsImRlbGV0ZSI6MzAwMDAwMDAwMDAwLCJ1cGRhdGUiOjMwMDAwMDAwMDAwMH19",
          "dependencies": [
            "yandex_compute_instance.bastion",
            "yandex_compute_instance.elasticsearch",
            "yandex_compute_instance.kibana",
            "yandex_compute_instance.web1",
            "yandex_compute_instance.web2",
            "yandex_compute_instance.zabbix",
            "yandex_vpc_gateway.nat_gateway",
            "yandex_vpc_network.main",
            "yandex_vpc_route_table.nat",
            "yandex_vpc_security_group.bastion_sg",
            "yandex_vpc_security_group.elasticsearch_sg",
            "yandex_vpc_security_group.kibana_sg",
            "yandex_vpc_security_group.web_sg",
            "yandex_vpc_security_group.zabbix_sg",
            "yandex_vpc_subnet.private_a",
            "yandex_vpc_subnet.private_b",
            "yandex_vpc_subnet.public"
          ]
        }
      ]
    },
    {
      "mode": "managed",
      "type": "yandex_vpc_gateway",
      "name": "nat_gateway",
      "provider": "provider[\"registry.terraform.io/yandex-cloud/yandex\"]",
      "instances": [
        {
          "schema_version": 0,
          "attributes": {
            "created_at": "2025-09-14T08:43:15Z",
            "description": "",
            "folder_id": "b1g5dm0qbb0e6lmlkf2g",
            "id": "enpkq17t7aa872eu827t",
            "labels": {},
            "name": "nat-gateway",
            "shared_egress_gateway": [
              {}
            ],
            "timeouts": null
          },
          "sensitive_attributes": [],
          "private": "eyJlMmJmYjczMC1lY2FhLTExZTYtOGY4OC0zNDM2M2JjN2M0YzAiOnsiY3JlYXRlIjo2MDAwMDAwMDAwMCwiZGVsZXRlIjo2MDAwMDAwMDAwMCwidXBkYXRlIjo2MDAwMDAwMDAwMH19"
        }
      ]
    },
    {
      "mode": "managed",
      "type": "yandex_vpc_network",
      "name": "main",
      "provider": "provider[\"registry.terraform.io/yandex-cloud/yandex\"]",
      "instances": [
        {
          "schema_version": 0,
          "attributes": {
            "created_at": "2025-09-14T08:43:15Z",
            "default_security_group_id": "enp0bfpd0pdm9sao61c8",
            "description": "",
            "folder_id": "b1g5dm0qbb0e6lmlkf2g",
            "id": "enp563kn048ois3j04ar",
            "labels": {},
            "name": "diploma-network",
            "subnet_ids": [],
            "timeouts": null
          },
          "sensitive_attributes": [],
          "private": "eyJlMmJmYjczMC1lY2FhLTExZTYtOGY4OC0zNDM2M2JjN2M0YzAiOnsiY3JlYXRlIjo2MDAwMDAwMDAwMCwiZGVsZXRlIjo2MDAwMDAwMDAwMCwidXBkYXRlIjo2MDAwMDAwMDAwMH19"
        }
      ]
    },
    {
      "mode": "managed",
      "type": "yandex_vpc_route_table",
      "name": "nat",
      "provider": "provider[\"registry.terraform.io/yandex-cloud/yandex\"]",
      "instances": [
        {
          "schema_version": 0,
          "attributes": {
            "created_at": "2025-09-14T08:43:18Z",
            "description": "",
            "folder_id": "b1g5dm0qbb0e6lmlkf2g",
            "id": "enp2n6tr7kjqrk2p2ml0",
            "labels": {},
            "name": "nat-route-table",
            "network_id": "enp563kn048ois3j04ar",
            "static_route": [
              {
                "destination_prefix": "0.0.0.0/0",
                "gateway_id": "enpkq17t7aa872eu827t",
                "next_hop_address": ""
              }
            ],
            "timeouts": null
          },
          "sensitive_attributes": [],
          "private": "eyJlMmJmYjczMC1lY2FhLTExZTYtOGY4OC0zNDM2M2JjN2M0YzAiOnsiY3JlYXRlIjoxODAwMDAwMDAwMDAsImRlbGV0ZSI6MTgwMDAwMDAwMDAwLCJ1cGRhdGUiOjE4MDAwMDAwMDAwMH19",
          "dependencies": [
            "yandex_vpc_gateway.nat_gateway",
            "yandex_vpc_network.main"
          ]
        }
      ]
    },
    {
      "mode": "managed",
      "type": "yandex_vpc_security_group",
      "name": "alb_sg",
      "provider": "provider[\"registry.terraform.io/yandex-cloud/yandex\"]",
      "instances": [
        {
          "schema_version": 0,
          "attributes": {
            "created_at": "2025-09-14T08:43:19Z",
            "description": "Security group for application load balancer",
            "egress": [
              {
                "description": "Allow all outgoing traffic",
                "from_port": -1,
                "id": "enpf6ludm5u2lb8dqnt5",
                "labels": {},
                "port": -1,
                "predefined_target": "",
                "protocol": "ANY",
                "security_group_id": "",
                "to_port": -1,
                "v4_cidr_blocks": [
                  "0.0.0.0/0"
                ],
                "v6_cidr_blocks": []
              }
            ],
            "folder_id": "b1g5dm0qbb0e6lmlkf2g",
            "id": "enpa3kf2kbe9sk1eiffg",
            "ingress": [
              {
                "description": "HTTP from anywhere",
                "from_port": -1,
                "id": "enpgbqflh9deee8o6jpq",
                "labels": {},
                "port": 80,
                "predefined_target": "",
                "protocol": "TCP",
                "security_group_id": "",
                "to_port": -1,
                "v4_cidr_blocks": [
                  "0.0.0.0/0"
                ],
                "v6_cidr_blocks": []
              },
              {
                "description": "HTTPS from anywhere",
                "from_port": -1,
                "id": "enpnstlir47aojddl1sr",
                "labels": {},
                "port": 443,
                "predefined_target": "",
                "protocol": "TCP",
                "security_group_id": "",
                "to_port": -1,
                "v4_cidr_blocks": [
                  "0.0.0.0/0"
                ],
                "v6_cidr_blocks": []
              }
            ],
            "labels": {},
            "name": "alb-security-group",
            "network_id": "enp563kn048ois3j04ar",
            "status": "ACTIVE",
            "timeouts": null
          },
          "sensitive_attributes": [],
          "private": "eyJlMmJmYjczMC1lY2FhLTExZTYtOGY4OC0zNDM2M2JjN2M0YzAiOnsiY3JlYXRlIjoxODAwMDAwMDAwMDAsImRlbGV0ZSI6MTgwMDAwMDAwMDAwLCJ1cGRhdGUiOjE4MDAwMDAwMDAwMH19",
          "dependencies": [
            "yandex_vpc_network.main"
          ]
        }
      ]
    },
    {
      "mode": "managed",
      "type": "yandex_vpc_security_group",
      "name": "bastion_sg",
      "provider": "provider[\"registry.terraform.io/yandex-cloud/yandex\"]",
      "instances": [
        {
          "schema_version": 0,
          "attributes": {
            "created_at": "2025-09-14T08:43:22Z",
            "description": "Security group for bastion host",
            "egress": [
              {
                "description": "Allow all outgoing traffic",
                "from_port": -1,
                "id": "enpnt2k02ehshrbp794t",
                "labels": {},
                "port": -1,
                "predefined_target": "",
                "protocol": "ANY",
                "security_group_id": "",
                "to_port": -1,
                "v4_cidr_blocks": [
                  "0.0.0.0/0"
                ],
                "v6_cidr_blocks": []
              }
            ],
            "folder_id": "b1g5dm0qbb0e6lmlkf2g",
            "id": "enph8tb684ca54rmflpj",
            "ingress": [
              {
                "description": "SSH from anywhere",
                "from_port": -1,
                "id": "enp7k1difd25f6l39gro",
                "labels": {},
                "port": 22,
                "predefined_target": "",
                "protocol": "TCP",
                "security_group_id": "",
                "to_port": -1,
                "v4_cidr_blocks": [
                  "0.0.0.0/0"
                ],
                "v6_cidr_blocks": []
              }
            ],
            "labels": {},
            "name": "bastion-security-group",
            "network_id": "enp563kn048ois3j04ar",
            "status": "ACTIVE",
            "timeouts": null
          },
          "sensitive_attributes": [],
          "private": "eyJlMmJmYjczMC1lY2FhLTExZTYtOGY4OC0zNDM2M2JjN2M0YzAiOnsiY3JlYXRlIjoxODAwMDAwMDAwMDAsImRlbGV0ZSI6MTgwMDAwMDAwMDAwLCJ1cGRhdGUiOjE4MDAwMDAwMDAwMH19",
          "dependencies": [
            "yandex_vpc_network.main"
          ]
        }
      ]
    },
    {
      "mode": "managed",
      "type": "yandex_vpc_security_group",
      "name": "elasticsearch_sg",
      "provider": "provider[\"registry.terraform.io/yandex-cloud/yandex\"]",
      "instances": [
        {
          "schema_version": 0,
          "attributes": {
            "created_at": "2025-09-14T08:43:29Z",
            "description": "Security group for elasticsearch",
            "egress": [
              {
                "description": "Allow all outgoing traffic",
                "from_port": -1,
                "id": "enpaqve52dkn19g7mvgi",
                "labels": {},
                "port": -1,
                "predefined_target": "",
                "protocol": "ANY",
                "security_group_id": "",
                "to_port": -1,
                "v4_cidr_blocks": [
                  "0.0.0.0/0"
                ],
                "v6_cidr_blocks": []
              }
            ],
            "folder_id": "b1g5dm0qbb0e6lmlkf2g",
            "id": "enpa99fmhm92ptpidh6g",
            "ingress": [
              {
                "description": "Elasticsearch from kibana",
                "from_port": -1,
                "id": "enpi9i81mamsplhs40t9",
                "labels": {},
                "port": 9200,
                "predefined_target": "",
                "protocol": "TCP",
                "security_group_id": "enpt232k2bbuiachjjla",
                "to_port": -1,
                "v4_cidr_blocks": [],
                "v6_cidr_blocks": []
              },
              {
                "description": "ICMP for monitoring",
                "from_port": -1,
                "id": "enpf8f16b26g8nteirof",
                "labels": {},
                "port": -1,
                "predefined_target": "",
                "protocol": "ICMP",
                "security_group_id": "",
                "to_port": -1,
                "v4_cidr_blocks": [
                  "192.168.10.0/24"
                ],
                "v6_cidr_blocks": []
              },
              {
                "description": "SSH from bastion",
                "from_port": -1,
                "id": "enpnj8lajd1caumout0v",
                "labels": {},
                "port": 22,
                "predefined_target": "",
                "protocol": "TCP",
                "security_group_id": "enph8tb684ca54rmflpj",
                "to_port": -1,
                "v4_cidr_blocks": [],
                "v6_cidr_blocks": []
              },
              {
                "description": "Zabbix agent from zabbix server",
                "from_port": -1,
                "id": "enpqtf0blepu8pbr6v7e",
                "labels": {},
                "port": 10050,
                "predefined_target": "",
                "protocol": "TCP",
                "security_group_id": "enp5ud99lv9phuqta8b7",
                "to_port": -1,
                "v4_cidr_blocks": [],
                "v6_cidr_blocks": []
              }
            ],
            "labels": {},
            "name": "elasticsearch-security-group",
            "network_id": "enp563kn048ois3j04ar",
            "status": "ACTIVE",
            "timeouts": null
          },
          "sensitive_attributes": [],
          "private": "eyJlMmJmYjczMC1lY2FhLTExZTYtOGY4OC0zNDM2M2JjN2M0YzAiOnsiY3JlYXRlIjoxODAwMDAwMDAwMDAsImRlbGV0ZSI6MTgwMDAwMDAwMDAwLCJ1cGRhdGUiOjE4MDAwMDAwMDAwMH19",
          "dependencies": [
            "yandex_vpc_network.main",
            "yandex_vpc_security_group.bastion_sg",
            "yandex_vpc_security_group.kibana_sg",
            "yandex_vpc_security_group.zabbix_sg"
          ]
        }
      ]
    },
    {
      "mode": "managed",
      "type": "yandex_vpc_security_group",
      "name": "kibana_sg",
      "provider": "provider[\"registry.terraform.io/yandex-cloud/yandex\"]",
      "instances": [
        {
          "schema_version": 0,
          "attributes": {
            "created_at": "2025-09-14T08:43:27Z",
            "description": "Security group for kibana",
            "egress": [
              {
                "description": "Allow all outgoing traffic",
                "from_port": -1,
                "id": "enp36emooqagt7fspmt0",
                "labels": {},
                "port": -1,
                "predefined_target": "",
                "protocol": "ANY",
                "security_group_id": "",
                "to_port": -1,
                "v4_cidr_blocks": [
                  "0.0.0.0/0"
                ],
                "v6_cidr_blocks": []
              }
            ],
            "folder_id": "b1g5dm0qbb0e6lmlkf2g",
            "id": "enpt232k2bbuiachjjla",
            "ingress": [
              {
                "description": "ICMP for monitoring",
                "from_port": -1,
                "id": "enp466br3p43v7702qvp",
                "labels": {},
                "port": -1,
                "predefined_target": "",
                "protocol": "ICMP",
                "security_group_id": "",
                "to_port": -1,
                "v4_cidr_blocks": [
                  "0.0.0.0/0"
                ],
                "v6_cidr_blocks": []
              },
              {
                "description": "Kibana web interface from anywhere",
                "from_port": -1,
                "id": "enpuk1ao1pn33o6re6di",
                "labels": {},
                "port": 5601,
                "predefined_target": "",
                "protocol": "TCP",
                "security_group_id": "",
                "to_port": -1,
                "v4_cidr_blocks": [
                  "0.0.0.0/0"
                ],
                "v6_cidr_blocks": []
              },
              {
                "description": "SSH from anywhere (for ansible)",
                "from_port": -1,
                "id": "enpda4skevo63m8rgcfo",
                "labels": {},
                "port": 22,
                "predefined_target": "",
                "protocol": "TCP",
                "security_group_id": "",
                "to_port": -1,
                "v4_cidr_blocks": [
                  "0.0.0.0/0"
                ],
                "v6_cidr_blocks": []
              },
              {
                "description": "SSH from bastion",
                "from_port": -1,
                "id": "enp9j1vvfh846iqcf1no",
                "labels": {},
                "port": 22,
                "predefined_target": "",
                "protocol": "TCP",
                "security_group_id": "enph8tb684ca54rmflpj",
                "to_port": -1,
                "v4_cidr_blocks": [],
                "v6_cidr_blocks": []
              },
              {
                "description": "Zabbix agent from zabbix server",
                "from_port": -1,
                "id": "enpe7jf6cpb5mbqi2j6u",
                "labels": {},
                "port": 10050,
                "predefined_target": "",
                "protocol": "TCP",
                "security_group_id": "enp5ud99lv9phuqta8b7",
                "to_port": -1,
                "v4_cidr_blocks": [],
                "v6_cidr_blocks": []
              }
            ],
            "labels": {},
            "name": "kibana-security-group",
            "network_id": "enp563kn048ois3j04ar",
            "status": "ACTIVE",
            "timeouts": null
          },
          "sensitive_attributes": [],
          "private": "eyJlMmJmYjczMC1lY2FhLTExZTYtOGY4OC0zNDM2M2JjN2M0YzAiOnsiY3JlYXRlIjoxODAwMDAwMDAwMDAsImRlbGV0ZSI6MTgwMDAwMDAwMDAwLCJ1cGRhdGUiOjE4MDAwMDAwMDAwMH19",
          "dependencies": [
            "yandex_vpc_network.main",
            "yandex_vpc_security_group.bastion_sg",
            "yandex_vpc_security_group.zabbix_sg"
          ]
        }
      ]
    },
    {
      "mode": "managed",
      "type": "yandex_vpc_security_group",
      "name": "web_sg",
      "provider": "provider[\"registry.terraform.io/yandex-cloud/yandex\"]",
      "instances": [
        {
          "schema_version": 0,
          "attributes": {
            "created_at": "2025-09-14T08:43:40Z",
            "description": "Security group for web servers",
            "egress": [
              {
                "description": "Allow all outgoing traffic",
                "from_port": -1,
                "id": "enpa5021onud41v978n6",
                "labels": {},
                "port": -1,
                "predefined_target": "",
                "protocol": "ANY",
                "security_group_id": "",
                "to_port": -1,
                "v4_cidr_blocks": [
                  "0.0.0.0/0"
                ],
                "v6_cidr_blocks": []
              }
            ],
            "folder_id": "b1g5dm0qbb0e6lmlkf2g",
            "id": "enp440ojhl2olj7pr7m1",
            "ingress": [
              {
                "description": "HTTP from public subnet (for ALB)",
                "from_port": -1,
                "id": "enplphdmpbrqi3gr1f9q",
                "labels": {},
                "port": 80,
                "predefined_target": "",
                "protocol": "TCP",
                "security_group_id": "",
                "to_port": -1,
                "v4_cidr_blocks": [
                  "192.168.10.0/24"
                ],
                "v6_cidr_blocks": []
              },
              {
                "description": "ICMP for monitoring",
                "from_port": -1,
                "id": "enptc82j1i6gvsvh32al",
                "labels": {},
                "port": -1,
                "predefined_target": "",
                "protocol": "ICMP",
                "security_group_id": "",
                "to_port": -1,
                "v4_cidr_blocks": [
                  "192.168.10.0/24"
                ],
                "v6_cidr_blocks": []
              },
              {
                "description": "SSH from bastion",
                "from_port": -1,
                "id": "enpali4u8orsb4k0fic3",
                "labels": {},
                "port": 22,
                "predefined_target": "",
                "protocol": "TCP",
                "security_group_id": "enph8tb684ca54rmflpj",
                "to_port": -1,
                "v4_cidr_blocks": [],
                "v6_cidr_blocks": []
              },
              {
                "description": "Zabbix agent from zabbix server",
                "from_port": -1,
                "id": "enpbq0qh8iiugr9slji5",
                "labels": {},
                "port": 10050,
                "predefined_target": "",
                "protocol": "TCP",
                "security_group_id": "enp5ud99lv9phuqta8b7",
                "to_port": -1,
                "v4_cidr_blocks": [],
                "v6_cidr_blocks": []
              }
            ],
            "labels": {},
            "name": "web-security-group",
            "network_id": "enp563kn048ois3j04ar",
            "status": "ACTIVE",
            "timeouts": null
          },
          "sensitive_attributes": [],
          "private": "eyJlMmJmYjczMC1lY2FhLTExZTYtOGY4OC0zNDM2M2JjN2M0YzAiOnsiY3JlYXRlIjoxODAwMDAwMDAwMDAsImRlbGV0ZSI6MTgwMDAwMDAwMDAwLCJ1cGRhdGUiOjE4MDAwMDAwMDAwMH19",
          "dependencies": [
            "yandex_vpc_network.main",
            "yandex_vpc_security_group.bastion_sg",
            "yandex_vpc_security_group.zabbix_sg"
          ]
        }
      ]
    },
    {
      "mode": "managed",
      "type": "yandex_vpc_security_group",
      "name": "zabbix_sg",
      "provider": "provider[\"registry.terraform.io/yandex-cloud/yandex\"]",
      "instances": [
        {
          "schema_version": 0,
          "attributes": {
            "created_at": "2025-09-14T08:43:24Z",
            "description": "Security group for zabbix server",
            "egress": [
              {
                "description": "Allow all outgoing traffic",
                "from_port": -1,
                "id": "enp2idjc7rrdh1oif5aa",
                "labels": {},
                "port": -1,
                "predefined_target": "",
                "protocol": "ANY",
                "security_group_id": "",
                "to_port": -1,
                "v4_cidr_blocks": [
                  "0.0.0.0/0"
                ],
                "v6_cidr_blocks": []
              }
            ],
            "folder_id": "b1g5dm0qbb0e6lmlkf2g",
            "id": "enp5ud99lv9phuqta8b7",
            "ingress": [
              {
                "description": "HTTP from anywhere",
                "from_port": -1,
                "id": "enpkai2skdbasq0oo71n",
                "labels": {},
                "port": 80,
                "predefined_target": "",
                "protocol": "TCP",
                "security_group_id": "",
                "to_port": -1,
                "v4_cidr_blocks": [
                  "0.0.0.0/0"
                ],
                "v6_cidr_blocks": []
              },
              {
                "description": "HTTPS from anywhere",
                "from_port": -1,
                "id": "enpdqg2f6qm9m40t75mm",
                "labels": {},
                "port": 443,
                "predefined_target": "",
                "protocol": "TCP",
                "security_group_id": "",
                "to_port": -1,
                "v4_cidr_blocks": [
                  "0.0.0.0/0"
                ],
                "v6_cidr_blocks": []
              },
              {
                "description": "ICMP for monitoring",
                "from_port": -1,
                "id": "enpbjnvii9njo44ujakt",
                "labels": {},
                "port": -1,
                "predefined_target": "",
                "protocol": "ICMP",
                "security_group_id": "",
                "to_port": -1,
                "v4_cidr_blocks": [
                  "0.0.0.0/0"
                ],
                "v6_cidr_blocks": []
              },
              {
                "description": "SSH from anywhere (for ansible)",
                "from_port": -1,
                "id": "enp76oq6lcvs2pls0ulm",
                "labels": {},
                "port": 22,
                "predefined_target": "",
                "protocol": "TCP",
                "security_group_id": "",
                "to_port": -1,
                "v4_cidr_blocks": [
                  "0.0.0.0/0"
                ],
                "v6_cidr_blocks": []
              },
              {
                "description": "SSH from bastion",
                "from_port": -1,
                "id": "enp66s6oie23h1qaa79p",
                "labels": {},
                "port": 22,
                "predefined_target": "",
                "protocol": "TCP",
                "security_group_id": "enph8tb684ca54rmflpj",
                "to_port": -1,
                "v4_cidr_blocks": [],
                "v6_cidr_blocks": []
              },
              {
                "description": "Zabbix server port",
                "from_port": -1,
                "id": "enp5ttir10ffr8cl5rs5",
                "labels": {},
                "port": 10051,
                "predefined_target": "",
                "protocol": "TCP",
                "security_group_id": "",
                "to_port": -1,
                "v4_cidr_blocks": [
                  "0.0.0.0/0"
                ],
                "v6_cidr_blocks": []
              }
            ],
            "labels": {},
            "name": "zabbix-security-group",
            "network_id": "enp563kn048ois3j04ar",
            "status": "ACTIVE",
            "timeouts": null
          },
          "sensitive_attributes": [],
          "private": "eyJlMmJmYjczMC1lY2FhLTExZTYtOGY4OC0zNDM2M2JjN2M0YzAiOnsiY3JlYXRlIjoxODAwMDAwMDAwMDAsImRlbGV0ZSI6MTgwMDAwMDAwMDAwLCJ1cGRhdGUiOjE4MDAwMDAwMDAwMH19",
          "dependencies": [
            "yandex_vpc_network.main",
            "yandex_vpc_security_group.bastion_sg"
          ]
        }
      ]
    },
    {
      "mode": "managed",
      "type": "yandex_vpc_subnet",
      "name": "private_a",
      "provider": "provider[\"registry.terraform.io/yandex-cloud/yandex\"]",
      "instances": [
        {
          "schema_version": 0,
          "attributes": {
            "created_at": "2025-09-14T08:43:20Z",
            "description": "",
            "dhcp_options": [],
            "folder_id": "b1g5dm0qbb0e6lmlkf2g",
            "id": "e9bj6iuc8prcepet4io8",
            "labels": {},
            "name": "private-subnet-a",
            "network_id": "enp563kn048ois3j04ar",
            "route_table_id": "enp2n6tr7kjqrk2p2ml0",
            "timeouts": null,
            "v4_cidr_blocks": [
              "192.168.20.0/24"
            ],
            "v6_cidr_blocks": [],
            "zone": "ru-central1-a"
          },
          "sensitive_attributes": [],
          "private": "eyJlMmJmYjczMC1lY2FhLTExZTYtOGY4OC0zNDM2M2JjN2M0YzAiOnsiY3JlYXRlIjoxODAwMDAwMDAwMDAsImRlbGV0ZSI6MTgwMDAwMDAwMDAwLCJ1cGRhdGUiOjE4MDAwMDAwMDAwMH19",
          "dependencies": [
            "yandex_vpc_gateway.nat_gateway",
            "yandex_vpc_network.main",
            "yandex_vpc_route_table.nat"
          ]
        }
      ]
    },
    {
      "mode": "managed",
      "type": "yandex_vpc_subnet",
      "name": "private_b",
      "provider": "provider[\"registry.terraform.io/yandex-cloud/yandex\"]",
      "instances": [
        {
          "schema_version": 0,
          "attributes": {
            "created_at": "2025-09-14T08:43:19Z",
            "description": "",
            "dhcp_options": [],
            "folder_id": "b1g5dm0qbb0e6lmlkf2g",
            "id": "e2lplgpjsdovtnmmqnoj",
            "labels": {},
            "name": "private-subnet-b",
            "network_id": "enp563kn048ois3j04ar",
            "route_table_id": "enp2n6tr7kjqrk2p2ml0",
            "timeouts": null,
            "v4_cidr_blocks": [
              "192.168.30.0/24"
            ],
            "v6_cidr_blocks": [],
            "zone": "ru-central1-b"
          },
          "sensitive_attributes": [],
          "private": "eyJlMmJmYjczMC1lY2FhLTExZTYtOGY4OC0zNDM2M2JjN2M0YzAiOnsiY3JlYXRlIjoxODAwMDAwMDAwMDAsImRlbGV0ZSI6MTgwMDAwMDAwMDAwLCJ1cGRhdGUiOjE4MDAwMDAwMDAwMH19",
          "dependencies": [
            "yandex_vpc_gateway.nat_gateway",
            "yandex_vpc_network.main",
            "yandex_vpc_route_table.nat"
          ]
        }
      ]
    },
    {
      "mode": "managed",
      "type": "yandex_vpc_subnet",
      "name": "public",
      "provider": "provider[\"registry.terraform.io/yandex-cloud/yandex\"]",
      "instances": [
        {
          "schema_version": 0,
          "attributes": {
            "created_at": "2025-09-14T08:43:18Z",
            "description": "",
            "dhcp_options": [],
            "folder_id": "b1g5dm0qbb0e6lmlkf2g",
            "id": "e9bem2bl7bgu7kdqloed",
            "labels": {},
            "name": "public-subnet",
            "network_id": "enp563kn048ois3j04ar",
            "route_table_id": "",
            "timeouts": null,
            "v4_cidr_blocks": [
              "192.168.10.0/24"
            ],
            "v6_cidr_blocks": [],
            "zone": "ru-central1-a"
          },
          "sensitive_attributes": [],
          "private": "eyJlMmJmYjczMC1lY2FhLTExZTYtOGY4OC0zNDM2M2JjN2M0YzAiOnsiY3JlYXRlIjoxODAwMDAwMDAwMDAsImRlbGV0ZSI6MTgwMDAwMDAwMDAwLCJ1cGRhdGUiOjE4MDAwMDAwMDAwMH19",
          "dependencies": [
            "yandex_vpc_network.main"
          ]
        }
      ]
    }
  ],
  "check_results": null
}
